
Microsoft Visual Studio Solution File, Format Version 12.00
# Visual Studio Version 16
VisualStudioVersion = 16.0.32602.291
MinimumVisualStudioVersion = 10.0.40219.1
Project("{2150E333-8FDC-42A3-9474-1A3956D46DE8}") = "sample", "sample", "{8D794C6B-D186-4D0C-A2E8-90143A51FF65}"
EndProject
Project("{9A19103F-16F7-4668-BE54-9A1E7A4F7556}") = "Sim.Core", "Sim.Core\Sim.Core.csproj", "{E7EBD692-BB37-42F4-8E4A-CD064E19B7D4}"
EndProject
Project("{9A19103F-16F7-4668-BE54-9A1E7A4F7556}") = "Sim.Helper", "Sim.Helper\Sim.Helper.csproj", "{B12B83A2-8A64-4CFD-BDA4-5C4FED91F51E}"
EndProject
Project("{2150E333-8FDC-42A3-9474-1A3956D46DE8}") = "Model", "Model", "{A2C46F24-9BDA-409C-A32E-48DEEFD0015B}"
EndProject
Project("{2150E333-8FDC-42A3-9474-1A3956D46DE8}") = "Domain", "Domain", "{0ADF0924-4581-4886-B487-03940AA694CF}"
EndProject
Project("{2150E333-8FDC-42A3-9474-1A3956D46DE8}") = "Api", "Api", "{B0C70F26-882F-40C6-B2C9-63C53E362C78}"
EndProject
Project("{2150E333-8FDC-42A3-9474-1A3956D46DE8}") = "Infrastructure", "Infrastructure", "{BF389858-80B5-4123-9EE7-BAF74D770611}"
EndProject
Project("{2150E333-8FDC-42A3-9474-1A3956D46DE8}") = "test", "test", "{0141D040-CED4-445B-808A-B99338218C3B}"
EndProject
Project("{2150E333-8FDC-42A3-9474-1A3956D46DE8}") = "api", "api", "{177DD315-D75D-4036-95D2-11A65C7B4046}"
EndProject
Project("{2150E333-8FDC-42A3-9474-1A3956D46DE8}") = "Infrastructure", "Infrastructure", "{3A32A379-2E29-4AF1-9FFA-1B914B27E039}"
EndProject
Project("{2150E333-8FDC-42A3-9474-1A3956D46DE8}") = "Core", "Core", "{B92C4623-532F-4D05-A500-6221CA746050}"
EndProject
Project("{2150E333-8FDC-42A3-9474-1A3956D46DE8}") = "app", "app", "{2B6615DD-6B96-402D-9CC3-20DD14A9602A}"
EndProject
Project("{2150E333-8FDC-42A3-9474-1A3956D46DE8}") = "Dal", "Dal", "{52308018-F91E-45C1-8F2B-F94D8032BD2A}"
EndProject
Project("{9A19103F-16F7-4668-BE54-9A1E7A4F7556}") = "Sample.Api", "sample\Api\Sample.Api\Sample.Api.csproj", "{92E9A767-BB27-46A2-9AB1-1FE9D73E1E2B}"
EndProject
Project("{9A19103F-16F7-4668-BE54-9A1E7A4F7556}") = "Sample.Domain", "sample\Domain\Sample.Domain\Sample.Domain.csproj", "{32A4804A-9F42-4AD0-B613-74D775E43D56}"
EndProject
Project("{9A19103F-16F7-4668-BE54-9A1E7A4F7556}") = "Sample.Data.SqlCommands", "sample\Infrastructure\Sample.Data.SqlCommands\Sample.Data.SqlCommands.csproj", "{05D90EE6-F929-4A26-9D11-027A1B3827D6}"
EndProject
Project("{9A19103F-16F7-4668-BE54-9A1E7A4F7556}") = "Sample.Data.SqlQueries", "sample\Infrastructure\Sample.Data.SqlQueries\Sample.Data.SqlQueries.csproj", "{CC1CB6E2-7A77-42F7-AEB0-30A32C873CA1}"
EndProject
Project("{9A19103F-16F7-4668-BE54-9A1E7A4F7556}") = "Sample.Model.Connector", "sample\Model\Sample.Model.Connector\Sample.Model.Connector.csproj", "{6E6D66F1-084B-456D-9726-B08FFF93DEF4}"
EndProject
Project("{9A19103F-16F7-4668-BE54-9A1E7A4F7556}") = "Sample.Model.Dto", "sample\Model\Sample.Model.Dto\Sample.Model.Dto.csproj", "{49E78576-9912-45BF-B2D4-B9E024469011}"
EndProject
Project("{9A19103F-16F7-4668-BE54-9A1E7A4F7556}") = "Sample.Model.Data", "sample\Model\Sample.Model.Db\Sample.Model.Data.csproj", "{1ADE7319-CA24-4E52-9668-28419C1FB3B1}"
EndProject
Global
	GlobalSection(SolutionConfigurationPlatforms) = preSolution
		Debug|Any CPU = Debug|Any CPU
		Release|Any CPU = Release|Any CPU
	EndGlobalSection
	GlobalSection(ProjectConfigurationPlatforms) = postSolution
		{E7EBD692-BB37-42F4-8E4A-CD064E19B7D4}.Debug|Any CPU.ActiveCfg = Debug|Any CPU
		{E7EBD692-BB37-42F4-8E4A-CD064E19B7D4}.Debug|Any CPU.Build.0 = Debug|Any CPU
		{E7EBD692-BB37-42F4-8E4A-CD064E19B7D4}.Release|Any CPU.ActiveCfg = Release|Any CPU
		{E7EBD692-BB37-42F4-8E4A-CD064E19B7D4}.Release|Any CPU.Build.0 = Release|Any CPU
		{B12B83A2-8A64-4CFD-BDA4-5C4FED91F51E}.Debug|Any CPU.ActiveCfg = Debug|Any CPU
		{B12B83A2-8A64-4CFD-BDA4-5C4FED91F51E}.Debug|Any CPU.Build.0 = Debug|Any CPU
		{B12B83A2-8A64-4CFD-BDA4-5C4FED91F51E}.Release|Any CPU.ActiveCfg = Release|Any CPU
		{B12B83A2-8A64-4CFD-BDA4-5C4FED91F51E}.Release|Any CPU.Build.0 = Release|Any CPU
		{92E9A767-BB27-46A2-9AB1-1FE9D73E1E2B}.Debug|Any CPU.ActiveCfg = Debug|Any CPU
		{92E9A767-BB27-46A2-9AB1-1FE9D73E1E2B}.Debug|Any CPU.Build.0 = Debug|Any CPU
		{92E9A767-BB27-46A2-9AB1-1FE9D73E1E2B}.Release|Any CPU.ActiveCfg = Release|Any CPU
		{92E9A767-BB27-46A2-9AB1-1FE9D73E1E2B}.Release|Any CPU.Build.0 = Release|Any CPU
		{32A4804A-9F42-4AD0-B613-74D775E43D56}.Debug|Any CPU.ActiveCfg = Debug|Any CPU
		{32A4804A-9F42-4AD0-B613-74D775E43D56}.Debug|Any CPU.Build.0 = Debug|Any CPU
		{32A4804A-9F42-4AD0-B613-74D775E43D56}.Release|Any CPU.ActiveCfg = Release|Any CPU
		{32A4804A-9F42-4AD0-B613-74D775E43D56}.Release|Any CPU.Build.0 = Release|Any CPU
		{05D90EE6-F929-4A26-9D11-027A1B3827D6}.Debug|Any CPU.ActiveCfg = Debug|Any CPU
		{05D90EE6-F929-4A26-9D11-027A1B3827D6}.Debug|Any CPU.Build.0 = Debug|Any CPU
		{05D90EE6-F929-4A26-9D11-027A1B3827D6}.Release|Any CPU.ActiveCfg = Release|Any CPU
		{05D90EE6-F929-4A26-9D11-027A1B3827D6}.Release|Any CPU.Build.0 = Release|Any CPU
		{CC1CB6E2-7A77-42F7-AEB0-30A32C873CA1}.Debug|Any CPU.ActiveCfg = Debug|Any CPU
		{CC1CB6E2-7A77-42F7-AEB0-30A32C873CA1}.Debug|Any CPU.Build.0 = Debug|Any CPU
		{CC1CB6E2-7A77-42F7-AEB0-30A32C873CA1}.Release|Any CPU.ActiveCfg = Release|Any CPU
		{CC1CB6E2-7A77-42F7-AEB0-30A32C873CA1}.Release|Any CPU.Build.0 = Release|Any CPU
		{6E6D66F1-084B-456D-9726-B08FFF93DEF4}.Debug|Any CPU.ActiveCfg = Debug|Any CPU
		{6E6D66F1-084B-456D-9726-B08FFF93DEF4}.Debug|Any CPU.Build.0 = Debug|Any CPU
		{6E6D66F1-084B-456D-9726-B08FFF93DEF4}.Release|Any CPU.ActiveCfg = Release|Any CPU
		{6E6D66F1-084B-456D-9726-B08FFF93DEF4}.Release|Any CPU.Build.0 = Release|Any CPU
		{49E78576-9912-45BF-B2D4-B9E024469011}.Debug|Any CPU.ActiveCfg = Debug|Any CPU
		{49E78576-9912-45BF-B2D4-B9E024469011}.Debug|Any CPU.Build.0 = Debug|Any CPU
		{49E78576-9912-45BF-B2D4-B9E024469011}.Release|Any CPU.ActiveCfg = Release|Any CPU
		{49E78576-9912-45BF-B2D4-B9E024469011}.Release|Any CPU.Build.0 = Release|Any CPU
		{1ADE7319-CA24-4E52-9668-28419C1FB3B1}.Debug|Any CPU.ActiveCfg = Debug|Any CPU
		{1ADE7319-CA24-4E52-9668-28419C1FB3B1}.Debug|Any CPU.Build.0 = Debug|Any CPU
		{1ADE7319-CA24-4E52-9668-28419C1FB3B1}.Release|Any CPU.ActiveCfg = Release|Any CPU
		{1ADE7319-CA24-4E52-9668-28419C1FB3B1}.Release|Any CPU.Build.0 = Release|Any CPU
	EndGlobalSection
	GlobalSection(SolutionProperties) = preSolution
		HideSolutionNode = FALSE
	EndGlobalSection
	GlobalSection(NestedProjects) = preSolution
		{A2C46F24-9BDA-409C-A32E-48DEEFD0015B} = {2B6615DD-6B96-402D-9CC3-20DD14A9602A}
		{0ADF0924-4581-4886-B487-03940AA694CF} = {2B6615DD-6B96-402D-9CC3-20DD14A9602A}
		{B0C70F26-882F-40C6-B2C9-63C53E362C78} = {2B6615DD-6B96-402D-9CC3-20DD14A9602A}
		{BF389858-80B5-4123-9EE7-BAF74D770611} = {2B6615DD-6B96-402D-9CC3-20DD14A9602A}
		{0141D040-CED4-445B-808A-B99338218C3B} = {8D794C6B-D186-4D0C-A2E8-90143A51FF65}
		{177DD315-D75D-4036-95D2-11A65C7B4046} = {0141D040-CED4-445B-808A-B99338218C3B}
		{3A32A379-2E29-4AF1-9FFA-1B914B27E039} = {0141D040-CED4-445B-808A-B99338218C3B}
		{B92C4623-532F-4D05-A500-6221CA746050} = {0141D040-CED4-445B-808A-B99338218C3B}
		{2B6615DD-6B96-402D-9CC3-20DD14A9602A} = {8D794C6B-D186-4D0C-A2E8-90143A51FF65}
		{52308018-F91E-45C1-8F2B-F94D8032BD2A} = {BF389858-80B5-4123-9EE7-BAF74D770611}
		{92E9A767-BB27-46A2-9AB1-1FE9D73E1E2B} = {B0C70F26-882F-40C6-B2C9-63C53E362C78}
		{32A4804A-9F42-4AD0-B613-74D775E43D56} = {0ADF0924-4581-4886-B487-03940AA694CF}
		{05D90EE6-F929-4A26-9D11-027A1B3827D6} = {52308018-F91E-45C1-8F2B-F94D8032BD2A}
		{CC1CB6E2-7A77-42F7-AEB0-30A32C873CA1} = {52308018-F91E-45C1-8F2B-F94D8032BD2A}
		{6E6D66F1-084B-456D-9726-B08FFF93DEF4} = {A2C46F24-9BDA-409C-A32E-48DEEFD0015B}
		{49E78576-9912-45BF-B2D4-B9E024469011} = {A2C46F24-9BDA-409C-A32E-48DEEFD0015B}
		{1ADE7319-CA24-4E52-9668-28419C1FB3B1} = {A2C46F24-9BDA-409C-A32E-48DEEFD0015B}
	EndGlobalSection
	GlobalSection(ExtensibilityGlobals) = postSolution
		SolutionGuid = {638F9BDD-C345-4CC2-B89B-8AFE24A65DEF}
	EndGlobalSection
EndGlobal
