
Microsoft Visual Studio Solution File, Format Version 12.00
# Visual Studio Version 16
VisualStudioVersion = 16.0.32602.291
MinimumVisualStudioVersion = 10.0.40219.1
Project("{2150E333-8FDC-42A3-9474-1A3956D46DE8}") = "sample", "sample", "{8D794C6B-D186-4D0C-A2E8-90143A51FF65}"
EndProject
Project("{9A19103F-16F7-4668-BE54-9A1E7A4F7556}") = "Sim.Core", "Sim.Core\Sim.Core.csproj", "{E7EBD692-BB37-42F4-8E4A-CD064E19B7D4}"
EndProject
Project("{9A19103F-16F7-4668-BE54-9A1E7A4F7556}") = "Sim.Helper", "Sim.Helper\Sim.Helper.csproj", "{B12B83A2-8A64-4CFD-BDA4-5C4FED91F51E}"
EndProject
Project("{2150E333-8FDC-42A3-9474-1A3956D46DE8}") = "Model", "Model", "{A2C46F24-9BDA-409C-A32E-48DEEFD0015B}"
EndProject
Project("{2150E333-8FDC-42A3-9474-1A3956D46DE8}") = "Domain", "Domain", "{0ADF0924-4581-4886-B487-03940AA694CF}"
EndProject
Project("{2150E333-8FDC-42A3-9474-1A3956D46DE8}") = "Api", "Api", "{B0C70F26-882F-40C6-B2C9-63C53E362C78}"
EndProject
Project("{2150E333-8FDC-42A3-9474-1A3956D46DE8}") = "Infrastructure", "Infrastructure", "{BF389858-80B5-4123-9EE7-BAF74D770611}"
EndProject
Project("{2150E333-8FDC-42A3-9474-1A3956D46DE8}") = "test", "test", "{0141D040-CED4-445B-808A-B99338218C3B}"
EndProject
Project("{2150E333-8FDC-42A3-9474-1A3956D46DE8}") = "api", "api", "{177DD315-D75D-4036-95D2-11A65C7B4046}"
EndProject
Project("{2150E333-8FDC-42A3-9474-1A3956D46DE8}") = "Infrastructure", "Infrastructure", "{3A32A379-2E29-4AF1-9FFA-1B914B27E039}"
EndProject
Project("{2150E333-8FDC-42A3-9474-1A3956D46DE8}") = "Core", "Core", "{B92C4623-532F-4D05-A500-6221CA746050}"
EndProject
Project("{2150E333-8FDC-42A3-9474-1A3956D46DE8}") = "app", "app", "{2B6615DD-6B96-402D-9CC3-20DD14A9602A}"
EndProject
Project("{9A19103F-16F7-4668-BE54-9A1E7A4F7556}") = "Sample.Api", "Sample.Api\Sample.Api.csproj", "{2008F860-92E4-45EC-B7F8-43972601F15E}"
EndProject
Project("{2150E333-8FDC-42A3-9474-1A3956D46DE8}") = "Dal", "Dal", "{52308018-F91E-45C1-8F2B-F94D8032BD2A}"
EndProject
Project("{FAE04EC0-301F-11D3-BF4B-00C04F79EFBC}") = "Sample.Data.SqlCommands", "Sample.Data.SqlCommands\Sample.Data.SqlCommands.csproj", "{AA15644F-3816-4DFF-A482-8A34CAC27310}"
EndProject
Project("{FAE04EC0-301F-11D3-BF4B-00C04F79EFBC}") = "Sample.Data.SqlQueries", "Sample.Data.SqlQueries\Sample.Data.SqlQueries.csproj", "{3F19DBE0-A107-4A10-B9F6-8123100E2268}"
EndProject
Project("{FAE04EC0-301F-11D3-BF4B-00C04F79EFBC}") = "Sample.Model.Dto", "Sample.Model.Dto\Sample.Model.Dto.csproj", "{92860D11-A6C5-474D-853B-DE9AE60B9419}"
EndProject
Project("{FAE04EC0-301F-11D3-BF4B-00C04F79EFBC}") = "Sample.Model.Connector", "Sample.Model.Connector\Sample.Model.Connector.csproj", "{2B4025A3-CD38-4B4D-9282-A6DFC7BB60D0}"
EndProject
Project("{FAE04EC0-301F-11D3-BF4B-00C04F79EFBC}") = "Sample.Domain", "Sample.Domain\Sample.Domain.csproj", "{AF502891-2D9B-41D5-A2D0-A717ED97A2CB}"
EndProject
Global
	GlobalSection(SolutionConfigurationPlatforms) = preSolution
		Debug|Any CPU = Debug|Any CPU
		Release|Any CPU = Release|Any CPU
	EndGlobalSection
	GlobalSection(ProjectConfigurationPlatforms) = postSolution
		{E7EBD692-BB37-42F4-8E4A-CD064E19B7D4}.Debug|Any CPU.ActiveCfg = Debug|Any CPU
		{E7EBD692-BB37-42F4-8E4A-CD064E19B7D4}.Debug|Any CPU.Build.0 = Debug|Any CPU
		{E7EBD692-BB37-42F4-8E4A-CD064E19B7D4}.Release|Any CPU.ActiveCfg = Release|Any CPU
		{E7EBD692-BB37-42F4-8E4A-CD064E19B7D4}.Release|Any CPU.Build.0 = Release|Any CPU
		{B12B83A2-8A64-4CFD-BDA4-5C4FED91F51E}.Debug|Any CPU.ActiveCfg = Debug|Any CPU
		{B12B83A2-8A64-4CFD-BDA4-5C4FED91F51E}.Debug|Any CPU.Build.0 = Debug|Any CPU
		{B12B83A2-8A64-4CFD-BDA4-5C4FED91F51E}.Release|Any CPU.ActiveCfg = Release|Any CPU
		{B12B83A2-8A64-4CFD-BDA4-5C4FED91F51E}.Release|Any CPU.Build.0 = Release|Any CPU
		{2008F860-92E4-45EC-B7F8-43972601F15E}.Debug|Any CPU.ActiveCfg = Debug|Any CPU
		{2008F860-92E4-45EC-B7F8-43972601F15E}.Debug|Any CPU.Build.0 = Debug|Any CPU
		{2008F860-92E4-45EC-B7F8-43972601F15E}.Release|Any CPU.ActiveCfg = Release|Any CPU
		{2008F860-92E4-45EC-B7F8-43972601F15E}.Release|Any CPU.Build.0 = Release|Any CPU
		{AA15644F-3816-4DFF-A482-8A34CAC27310}.Debug|Any CPU.ActiveCfg = Debug|Any CPU
		{AA15644F-3816-4DFF-A482-8A34CAC27310}.Debug|Any CPU.Build.0 = Debug|Any CPU
		{AA15644F-3816-4DFF-A482-8A34CAC27310}.Release|Any CPU.ActiveCfg = Release|Any CPU
		{AA15644F-3816-4DFF-A482-8A34CAC27310}.Release|Any CPU.Build.0 = Release|Any CPU
		{3F19DBE0-A107-4A10-B9F6-8123100E2268}.Debug|Any CPU.ActiveCfg = Debug|Any CPU
		{3F19DBE0-A107-4A10-B9F6-8123100E2268}.Debug|Any CPU.Build.0 = Debug|Any CPU
		{3F19DBE0-A107-4A10-B9F6-8123100E2268}.Release|Any CPU.ActiveCfg = Release|Any CPU
		{3F19DBE0-A107-4A10-B9F6-8123100E2268}.Release|Any CPU.Build.0 = Release|Any CPU
		{92860D11-A6C5-474D-853B-DE9AE60B9419}.Debug|Any CPU.ActiveCfg = Debug|Any CPU
		{92860D11-A6C5-474D-853B-DE9AE60B9419}.Debug|Any CPU.Build.0 = Debug|Any CPU
		{92860D11-A6C5-474D-853B-DE9AE60B9419}.Release|Any CPU.ActiveCfg = Release|Any CPU
		{92860D11-A6C5-474D-853B-DE9AE60B9419}.Release|Any CPU.Build.0 = Release|Any CPU
		{2B4025A3-CD38-4B4D-9282-A6DFC7BB60D0}.Debug|Any CPU.ActiveCfg = Debug|Any CPU
		{2B4025A3-CD38-4B4D-9282-A6DFC7BB60D0}.Debug|Any CPU.Build.0 = Debug|Any CPU
		{2B4025A3-CD38-4B4D-9282-A6DFC7BB60D0}.Release|Any CPU.ActiveCfg = Release|Any CPU
		{2B4025A3-CD38-4B4D-9282-A6DFC7BB60D0}.Release|Any CPU.Build.0 = Release|Any CPU
		{AF502891-2D9B-41D5-A2D0-A717ED97A2CB}.Debug|Any CPU.ActiveCfg = Debug|Any CPU
		{AF502891-2D9B-41D5-A2D0-A717ED97A2CB}.Debug|Any CPU.Build.0 = Debug|Any CPU
		{AF502891-2D9B-41D5-A2D0-A717ED97A2CB}.Release|Any CPU.ActiveCfg = Release|Any CPU
		{AF502891-2D9B-41D5-A2D0-A717ED97A2CB}.Release|Any CPU.Build.0 = Release|Any CPU
	EndGlobalSection
	GlobalSection(SolutionProperties) = preSolution
		HideSolutionNode = FALSE
	EndGlobalSection
	GlobalSection(NestedProjects) = preSolution
		{A2C46F24-9BDA-409C-A32E-48DEEFD0015B} = {2B6615DD-6B96-402D-9CC3-20DD14A9602A}
		{0ADF0924-4581-4886-B487-03940AA694CF} = {2B6615DD-6B96-402D-9CC3-20DD14A9602A}
		{B0C70F26-882F-40C6-B2C9-63C53E362C78} = {2B6615DD-6B96-402D-9CC3-20DD14A9602A}
		{BF389858-80B5-4123-9EE7-BAF74D770611} = {2B6615DD-6B96-402D-9CC3-20DD14A9602A}
		{0141D040-CED4-445B-808A-B99338218C3B} = {8D794C6B-D186-4D0C-A2E8-90143A51FF65}
		{177DD315-D75D-4036-95D2-11A65C7B4046} = {0141D040-CED4-445B-808A-B99338218C3B}
		{3A32A379-2E29-4AF1-9FFA-1B914B27E039} = {0141D040-CED4-445B-808A-B99338218C3B}
		{B92C4623-532F-4D05-A500-6221CA746050} = {0141D040-CED4-445B-808A-B99338218C3B}
		{2B6615DD-6B96-402D-9CC3-20DD14A9602A} = {8D794C6B-D186-4D0C-A2E8-90143A51FF65}
		{2008F860-92E4-45EC-B7F8-43972601F15E} = {B0C70F26-882F-40C6-B2C9-63C53E362C78}
		{52308018-F91E-45C1-8F2B-F94D8032BD2A} = {BF389858-80B5-4123-9EE7-BAF74D770611}
		{AA15644F-3816-4DFF-A482-8A34CAC27310} = {52308018-F91E-45C1-8F2B-F94D8032BD2A}
		{3F19DBE0-A107-4A10-B9F6-8123100E2268} = {52308018-F91E-45C1-8F2B-F94D8032BD2A}
		{92860D11-A6C5-474D-853B-DE9AE60B9419} = {A2C46F24-9BDA-409C-A32E-48DEEFD0015B}
		{2B4025A3-CD38-4B4D-9282-A6DFC7BB60D0} = {A2C46F24-9BDA-409C-A32E-48DEEFD0015B}
		{AF502891-2D9B-41D5-A2D0-A717ED97A2CB} = {0ADF0924-4581-4886-B487-03940AA694CF}
	EndGlobalSection
	GlobalSection(ExtensibilityGlobals) = postSolution
		SolutionGuid = {638F9BDD-C345-4CC2-B89B-8AFE24A65DEF}
	EndGlobalSection
EndGlobal
